
Microsoft Visual Studio Solution File, Format Version 12.00
# Visual Studio Version 17
VisualStudioVersion = 17.7.34009.444
MinimumVisualStudioVersion = 10.0.40219.1
Project("{FAE04EC0-301F-11D3-BF4B-00C04F79EFBC}") = "WebDev.Api", "WebDev.Api.csproj", "{55B5B06F-D15F-4612-A17A-D5A42CB8C9C7}"
EndProject
Global
	GlobalSection(SolutionConfigurationPlatforms) = preSolution
		Debug|Any CPU = Debug|Any CPU
		Release|Any CPU = Release|Any CPU
	EndGlobalSection
	GlobalSection(ProjectConfigurationPlatforms) = postSolution
		{55B5B06F-D15F-4612-A17A-D5A42CB8C9C7}.Debug|Any CPU.ActiveCfg = Debug|Any CPU
		{55B5B06F-D15F-4612-A17A-D5A42CB8C9C7}.Debug|Any CPU.Build.0 = Debug|Any CPU
		{55B5B06F-D15F-4612-A17A-D5A42CB8C9C7}.Release|Any CPU.ActiveCfg = Release|Any CPU
		{55B5B06F-D15F-4612-A17A-D5A42CB8C9C7}.Release|Any CPU.Build.0 = Release|Any CPU
	EndGlobalSection
	GlobalSection(SolutionProperties) = preSolution
		HideSolutionNode = FALSE
	EndGlobalSection
	GlobalSection(ExtensibilityGlobals) = postSolution
		SolutionGuid = {E712BA40-035A-4857-B183-542B2E488908}
	EndGlobalSection
EndGlobal
