
Microsoft Visual Studio Solution File, Format Version 12.00
# Visual Studio Version 17
VisualStudioVersion = 17.7.34009.444
MinimumVisualStudioVersion = 10.0.40219.1
Project("{FAE04EC0-301F-11D3-BF4B-00C04F79EFBC}") = "Students MVC", "Students MVC.csproj", "{41D68526-6BC3-4DC1-AC28-4326B49CC189}"
EndProject
Global
	GlobalSection(SolutionConfigurationPlatforms) = preSolution
		Debug|Any CPU = Debug|Any CPU
		Release|Any CPU = Release|Any CPU
	EndGlobalSection
	GlobalSection(ProjectConfigurationPlatforms) = postSolution
		{41D68526-6BC3-4DC1-AC28-4326B49CC189}.Debug|Any CPU.ActiveCfg = Debug|Any CPU
		{41D68526-6BC3-4DC1-AC28-4326B49CC189}.Debug|Any CPU.Build.0 = Debug|Any CPU
		{41D68526-6BC3-4DC1-AC28-4326B49CC189}.Release|Any CPU.ActiveCfg = Release|Any CPU
		{41D68526-6BC3-4DC1-AC28-4326B49CC189}.Release|Any CPU.Build.0 = Release|Any CPU
	EndGlobalSection
	GlobalSection(SolutionProperties) = preSolution
		HideSolutionNode = FALSE
	EndGlobalSection
	GlobalSection(ExtensibilityGlobals) = postSolution
		SolutionGuid = {FDCA19B8-DA41-452B-B6CA-D27387C34A53}
	EndGlobalSection
EndGlobal
