
Microsoft Visual Studio Solution File, Format Version 12.00
# Visual Studio Version 17
VisualStudioVersion = 17.6.33829.357
MinimumVisualStudioVersion = 10.0.40219.1
Project("{FAE04EC0-301F-11D3-BF4B-00C04F79EFBC}") = "mvcApi", "mvcApi.csproj", "{94252AF7-1A12-4CFD-899E-1C4D0940197F}"
EndProject
Global
	GlobalSection(SolutionConfigurationPlatforms) = preSolution
		Debug|Any CPU = Debug|Any CPU
		Release|Any CPU = Release|Any CPU
	EndGlobalSection
	GlobalSection(ProjectConfigurationPlatforms) = postSolution
		{94252AF7-1A12-4CFD-899E-1C4D0940197F}.Debug|Any CPU.ActiveCfg = Debug|Any CPU
		{94252AF7-1A12-4CFD-899E-1C4D0940197F}.Debug|Any CPU.Build.0 = Debug|Any CPU
		{94252AF7-1A12-4CFD-899E-1C4D0940197F}.Release|Any CPU.ActiveCfg = Release|Any CPU
		{94252AF7-1A12-4CFD-899E-1C4D0940197F}.Release|Any CPU.Build.0 = Release|Any CPU
	EndGlobalSection
	GlobalSection(SolutionProperties) = preSolution
		HideSolutionNode = FALSE
	EndGlobalSection
	GlobalSection(ExtensibilityGlobals) = postSolution
		SolutionGuid = {53FF64BF-781D-410E-845D-7571B811E4C7}
	EndGlobalSection
EndGlobal
