
Microsoft Visual Studio Solution File, Format Version 12.00
# Visual Studio Version 17
VisualStudioVersion = 17.7.34018.315
MinimumVisualStudioVersion = 10.0.40219.1
Project("{9A19103F-16F7-4668-BE54-9A1E7A4F7556}") = "WebDev.Application", "WebDev.Application\WebDev.Application\WebDev.Application.csproj", "{1F48BA41-27EA-48D9-99E8-377A5DAB5701}"
EndProject
Project("{FAE04EC0-301F-11D3-BF4B-00C04F79EFBC}") = "WebDev.Services", "WebDev.Services\WebDev.Services.csproj", "{40D6A635-1B44-4DC7-8E22-58C419C47EA6}"
EndProject
Global
	GlobalSection(SolutionConfigurationPlatforms) = preSolution
		Debug|Any CPU = Debug|Any CPU
		Release|Any CPU = Release|Any CPU
	EndGlobalSection
	GlobalSection(ProjectConfigurationPlatforms) = postSolution
		{1F48BA41-27EA-48D9-99E8-377A5DAB5701}.Debug|Any CPU.ActiveCfg = Debug|Any CPU
		{1F48BA41-27EA-48D9-99E8-377A5DAB5701}.Debug|Any CPU.Build.0 = Debug|Any CPU
		{1F48BA41-27EA-48D9-99E8-377A5DAB5701}.Release|Any CPU.ActiveCfg = Release|Any CPU
		{1F48BA41-27EA-48D9-99E8-377A5DAB5701}.Release|Any CPU.Build.0 = Release|Any CPU
		{40D6A635-1B44-4DC7-8E22-58C419C47EA6}.Debug|Any CPU.ActiveCfg = Debug|Any CPU
		{40D6A635-1B44-4DC7-8E22-58C419C47EA6}.Debug|Any CPU.Build.0 = Debug|Any CPU
		{40D6A635-1B44-4DC7-8E22-58C419C47EA6}.Release|Any CPU.ActiveCfg = Release|Any CPU
		{40D6A635-1B44-4DC7-8E22-58C419C47EA6}.Release|Any CPU.Build.0 = Release|Any CPU
	EndGlobalSection
	GlobalSection(SolutionProperties) = preSolution
		HideSolutionNode = FALSE
	EndGlobalSection
	GlobalSection(ExtensibilityGlobals) = postSolution
		SolutionGuid = {15600999-9AEC-4857-8EFD-F24133C5D629}
	EndGlobalSection
EndGlobal
