
Microsoft Visual Studio Solution File, Format Version 12.00
# Visual Studio Version 17
VisualStudioVersion = 17.6.33723.286
MinimumVisualStudioVersion = 10.0.40219.1
Project("{FAE04EC0-301F-11D3-BF4B-00C04F79EFBC}") = "WebDev.Api", "WebDev.Api.csproj", "{4E28CA19-68D0-4A62-AC29-EA881A7258F2}"
EndProject
Global
	GlobalSection(SolutionConfigurationPlatforms) = preSolution
		Debug|Any CPU = Debug|Any CPU
		Release|Any CPU = Release|Any CPU
	EndGlobalSection
	GlobalSection(ProjectConfigurationPlatforms) = postSolution
		{4E28CA19-68D0-4A62-AC29-EA881A7258F2}.Debug|Any CPU.ActiveCfg = Debug|Any CPU
		{4E28CA19-68D0-4A62-AC29-EA881A7258F2}.Debug|Any CPU.Build.0 = Debug|Any CPU
		{4E28CA19-68D0-4A62-AC29-EA881A7258F2}.Release|Any CPU.ActiveCfg = Release|Any CPU
		{4E28CA19-68D0-4A62-AC29-EA881A7258F2}.Release|Any CPU.Build.0 = Release|Any CPU
	EndGlobalSection
	GlobalSection(SolutionProperties) = preSolution
		HideSolutionNode = FALSE
	EndGlobalSection
	GlobalSection(ExtensibilityGlobals) = postSolution
		SolutionGuid = {CB7D67B0-1304-433D-9628-FE3B682D69F1}
	EndGlobalSection
EndGlobal
