
Microsoft Visual Studio Solution File, Format Version 12.00
# Visual Studio Version 17
VisualStudioVersion = 17.4.33403.182
MinimumVisualStudioVersion = 10.0.40219.1
Project("{FAE04EC0-301F-11D3-BF4B-00C04F79EFBC}") = "ConsoleAPI", "ConsoleAPI.csproj", "{8A6F4AD0-0C72-461C-BF8C-85AEF9E340B1}"
EndProject
Global
	GlobalSection(SolutionConfigurationPlatforms) = preSolution
		Debug|Any CPU = Debug|Any CPU
		Release|Any CPU = Release|Any CPU
	EndGlobalSection
	GlobalSection(ProjectConfigurationPlatforms) = postSolution
		{8A6F4AD0-0C72-461C-BF8C-85AEF9E340B1}.Debug|Any CPU.ActiveCfg = Debug|Any CPU
		{8A6F4AD0-0C72-461C-BF8C-85AEF9E340B1}.Debug|Any CPU.Build.0 = Debug|Any CPU
		{8A6F4AD0-0C72-461C-BF8C-85AEF9E340B1}.Release|Any CPU.ActiveCfg = Release|Any CPU
		{8A6F4AD0-0C72-461C-BF8C-85AEF9E340B1}.Release|Any CPU.Build.0 = Release|Any CPU
	EndGlobalSection
	GlobalSection(SolutionProperties) = preSolution
		HideSolutionNode = FALSE
	EndGlobalSection
	GlobalSection(ExtensibilityGlobals) = postSolution
		SolutionGuid = {980CA38B-61E0-4DA3-8835-DBB955938A44}
	EndGlobalSection
EndGlobal
