
Microsoft Visual Studio Solution File, Format Version 12.00
# Visual Studio Version 17
VisualStudioVersion = 17.7.34018.315
MinimumVisualStudioVersion = 10.0.40219.1
Project("{9A19103F-16F7-4668-BE54-9A1E7A4F7556}") = "WebDev.Application", "WebDev.Application\WebDev.Application.csproj", "{D16552FC-AC12-49C1-8D1D-D758D4DCD7D9}"
EndProject
Global
	GlobalSection(SolutionConfigurationPlatforms) = preSolution
		Debug|Any CPU = Debug|Any CPU
		Release|Any CPU = Release|Any CPU
	EndGlobalSection
	GlobalSection(ProjectConfigurationPlatforms) = postSolution
		{D16552FC-AC12-49C1-8D1D-D758D4DCD7D9}.Debug|Any CPU.ActiveCfg = Debug|Any CPU
		{D16552FC-AC12-49C1-8D1D-D758D4DCD7D9}.Debug|Any CPU.Build.0 = Debug|Any CPU
		{D16552FC-AC12-49C1-8D1D-D758D4DCD7D9}.Release|Any CPU.ActiveCfg = Release|Any CPU
		{D16552FC-AC12-49C1-8D1D-D758D4DCD7D9}.Release|Any CPU.Build.0 = Release|Any CPU
	EndGlobalSection
	GlobalSection(SolutionProperties) = preSolution
		HideSolutionNode = FALSE
	EndGlobalSection
	GlobalSection(ExtensibilityGlobals) = postSolution
		SolutionGuid = {8B3CF24A-E063-47CF-8718-820DBB6230B8}
	EndGlobalSection
EndGlobal
