
Microsoft Visual Studio Solution File, Format Version 12.00
# Visual Studio Version 17
VisualStudioVersion = 17.5.33530.505
MinimumVisualStudioVersion = 10.0.40219.1
Project("{FAE04EC0-301F-11D3-BF4B-00C04F79EFBC}") = "PricatMVC", "PricatMVC.csproj", "{869ECE3B-72BA-40F4-9322-B69333560A89}"
EndProject
Global
	GlobalSection(SolutionConfigurationPlatforms) = preSolution
		Debug|Any CPU = Debug|Any CPU
		Release|Any CPU = Release|Any CPU
	EndGlobalSection
	GlobalSection(ProjectConfigurationPlatforms) = postSolution
		{869ECE3B-72BA-40F4-9322-B69333560A89}.Debug|Any CPU.ActiveCfg = Debug|Any CPU
		{869ECE3B-72BA-40F4-9322-B69333560A89}.Debug|Any CPU.Build.0 = Debug|Any CPU
		{869ECE3B-72BA-40F4-9322-B69333560A89}.Release|Any CPU.ActiveCfg = Release|Any CPU
		{869ECE3B-72BA-40F4-9322-B69333560A89}.Release|Any CPU.Build.0 = Release|Any CPU
	EndGlobalSection
	GlobalSection(SolutionProperties) = preSolution
		HideSolutionNode = FALSE
	EndGlobalSection
	GlobalSection(ExtensibilityGlobals) = postSolution
		SolutionGuid = {B3C676E7-D854-461B-BC93-0662FFC44920}
	EndGlobalSection
EndGlobal
