
Microsoft Visual Studio Solution File, Format Version 12.00
# Visual Studio Version 17
VisualStudioVersion = 17.7.34031.279
MinimumVisualStudioVersion = 10.0.40219.1
Project("{FAE04EC0-301F-11D3-BF4B-00C04F79EFBC}") = "WEBCRUD", "WEBCRUD.csproj", "{528F6928-1345-4ED7-9FEB-C3996C63CB20}"
EndProject
Global
	GlobalSection(SolutionConfigurationPlatforms) = preSolution
		Debug|Any CPU = Debug|Any CPU
		Release|Any CPU = Release|Any CPU
	EndGlobalSection
	GlobalSection(ProjectConfigurationPlatforms) = postSolution
		{528F6928-1345-4ED7-9FEB-C3996C63CB20}.Debug|Any CPU.ActiveCfg = Debug|Any CPU
		{528F6928-1345-4ED7-9FEB-C3996C63CB20}.Debug|Any CPU.Build.0 = Debug|Any CPU
		{528F6928-1345-4ED7-9FEB-C3996C63CB20}.Release|Any CPU.ActiveCfg = Release|Any CPU
		{528F6928-1345-4ED7-9FEB-C3996C63CB20}.Release|Any CPU.Build.0 = Release|Any CPU
	EndGlobalSection
	GlobalSection(SolutionProperties) = preSolution
		HideSolutionNode = FALSE
	EndGlobalSection
	GlobalSection(ExtensibilityGlobals) = postSolution
		SolutionGuid = {307A2C96-01BF-4E24-9A0D-49985BCEAAC3}
	EndGlobalSection
EndGlobal
