
Microsoft Visual Studio Solution File, Format Version 12.00
# Visual Studio Version 17
VisualStudioVersion = 17.7.34031.279
MinimumVisualStudioVersion = 10.0.40219.1
Project("{9A19103F-16F7-4668-BE54-9A1E7A4F7556}") = "WebADev.Application", "WebADev.Application\WebADev.Application.csproj", "{3E48F677-688A-4FC1-83C7-B775F2C6734B}"
EndProject
Project("{FAE04EC0-301F-11D3-BF4B-00C04F79EFBC}") = "WebDev.Services", "WebDev.Services\WebDev.Services.csproj", "{CB4F2FC0-8F66-4C57-8D19-B678AFCEBC20}"
EndProject
Global
	GlobalSection(SolutionConfigurationPlatforms) = preSolution
		Debug|Any CPU = Debug|Any CPU
		Release|Any CPU = Release|Any CPU
	EndGlobalSection
	GlobalSection(ProjectConfigurationPlatforms) = postSolution
		{3E48F677-688A-4FC1-83C7-B775F2C6734B}.Debug|Any CPU.ActiveCfg = Debug|Any CPU
		{3E48F677-688A-4FC1-83C7-B775F2C6734B}.Debug|Any CPU.Build.0 = Debug|Any CPU
		{3E48F677-688A-4FC1-83C7-B775F2C6734B}.Release|Any CPU.ActiveCfg = Release|Any CPU
		{3E48F677-688A-4FC1-83C7-B775F2C6734B}.Release|Any CPU.Build.0 = Release|Any CPU
		{CB4F2FC0-8F66-4C57-8D19-B678AFCEBC20}.Debug|Any CPU.ActiveCfg = Debug|Any CPU
		{CB4F2FC0-8F66-4C57-8D19-B678AFCEBC20}.Debug|Any CPU.Build.0 = Debug|Any CPU
		{CB4F2FC0-8F66-4C57-8D19-B678AFCEBC20}.Release|Any CPU.ActiveCfg = Release|Any CPU
		{CB4F2FC0-8F66-4C57-8D19-B678AFCEBC20}.Release|Any CPU.Build.0 = Release|Any CPU
	EndGlobalSection
	GlobalSection(SolutionProperties) = preSolution
		HideSolutionNode = FALSE
	EndGlobalSection
	GlobalSection(ExtensibilityGlobals) = postSolution
		SolutionGuid = {661A8D6C-750B-47A3-B029-C25AF23F8BF7}
	EndGlobalSection
EndGlobal
