
Microsoft Visual Studio Solution File, Format Version 12.00
# Visual Studio Version 17
VisualStudioVersion = 17.7.34024.191
MinimumVisualStudioVersion = 10.0.40219.1
Project("{9A19103F-16F7-4668-BE54-9A1E7A4F7556}") = "WebDev.Application", "WebDev.Application.csproj", "{A037F996-7784-4B6C-BF86-BDC6DBFAC526}"
EndProject
Project("{9A19103F-16F7-4668-BE54-9A1E7A4F7556}") = "WebDev.Services", "..\WebDev.Services\WebDev.Services.csproj", "{AC0C525D-CE1C-4D11-B71D-24CAD5BC315F}"
EndProject
Global
	GlobalSection(SolutionConfigurationPlatforms) = preSolution
		Debug|Any CPU = Debug|Any CPU
		Release|Any CPU = Release|Any CPU
	EndGlobalSection
	GlobalSection(ProjectConfigurationPlatforms) = postSolution
		{A037F996-7784-4B6C-BF86-BDC6DBFAC526}.Debug|Any CPU.ActiveCfg = Debug|Any CPU
		{A037F996-7784-4B6C-BF86-BDC6DBFAC526}.Debug|Any CPU.Build.0 = Debug|Any CPU
		{A037F996-7784-4B6C-BF86-BDC6DBFAC526}.Release|Any CPU.ActiveCfg = Release|Any CPU
		{A037F996-7784-4B6C-BF86-BDC6DBFAC526}.Release|Any CPU.Build.0 = Release|Any CPU
		{AC0C525D-CE1C-4D11-B71D-24CAD5BC315F}.Debug|Any CPU.ActiveCfg = Debug|Any CPU
		{AC0C525D-CE1C-4D11-B71D-24CAD5BC315F}.Debug|Any CPU.Build.0 = Debug|Any CPU
		{AC0C525D-CE1C-4D11-B71D-24CAD5BC315F}.Release|Any CPU.ActiveCfg = Release|Any CPU
		{AC0C525D-CE1C-4D11-B71D-24CAD5BC315F}.Release|Any CPU.Build.0 = Release|Any CPU
	EndGlobalSection
	GlobalSection(SolutionProperties) = preSolution
		HideSolutionNode = FALSE
	EndGlobalSection
	GlobalSection(ExtensibilityGlobals) = postSolution
		SolutionGuid = {9342C987-CEA9-4617-AC9B-2E7F9006302F}
	EndGlobalSection
EndGlobal
