
Microsoft Visual Studio Solution File, Format Version 12.00
# Visual Studio Version 17
VisualStudioVersion = 17.1.32228.430
MinimumVisualStudioVersion = 10.0.40219.1
Project("{FAE04EC0-301F-11D3-BF4B-00C04F79EFBC}") = "PracticeMVC", "PracticeMVC\PracticeMVC.csproj", "{00672E08-2E2E-41D3-BC10-CEF8F1527C9E}"
EndProject
Global
	GlobalSection(SolutionConfigurationPlatforms) = preSolution
		Debug|Any CPU = Debug|Any CPU
		Release|Any CPU = Release|Any CPU
	EndGlobalSection
	GlobalSection(ProjectConfigurationPlatforms) = postSolution
		{00672E08-2E2E-41D3-BC10-CEF8F1527C9E}.Debug|Any CPU.ActiveCfg = Debug|Any CPU
		{00672E08-2E2E-41D3-BC10-CEF8F1527C9E}.Debug|Any CPU.Build.0 = Debug|Any CPU
		{00672E08-2E2E-41D3-BC10-CEF8F1527C9E}.Release|Any CPU.ActiveCfg = Release|Any CPU
		{00672E08-2E2E-41D3-BC10-CEF8F1527C9E}.Release|Any CPU.Build.0 = Release|Any CPU
	EndGlobalSection
	GlobalSection(SolutionProperties) = preSolution
		HideSolutionNode = FALSE
	EndGlobalSection
	GlobalSection(ExtensibilityGlobals) = postSolution
		SolutionGuid = {801BC3E1-DA3C-40D3-9311-495452518663}
	EndGlobalSection
EndGlobal
