
Microsoft Visual Studio Solution File, Format Version 12.00
# Visual Studio Version 17
VisualStudioVersion = 17.1.32210.238
MinimumVisualStudioVersion = 10.0.40219.1
Project("{FAE04EC0-301F-11D3-BF4B-00C04F79EFBC}") = "PracticeMVC", "PracticeMVC\PracticeMVC.csproj", "{04BFA516-4526-4F89-8223-4157DD484359}"
EndProject
Global
	GlobalSection(SolutionConfigurationPlatforms) = preSolution
		Debug|Any CPU = Debug|Any CPU
		Release|Any CPU = Release|Any CPU
	EndGlobalSection
	GlobalSection(ProjectConfigurationPlatforms) = postSolution
		{04BFA516-4526-4F89-8223-4157DD484359}.Debug|Any CPU.ActiveCfg = Debug|Any CPU
		{04BFA516-4526-4F89-8223-4157DD484359}.Debug|Any CPU.Build.0 = Debug|Any CPU
		{04BFA516-4526-4F89-8223-4157DD484359}.Release|Any CPU.ActiveCfg = Release|Any CPU
		{04BFA516-4526-4F89-8223-4157DD484359}.Release|Any CPU.Build.0 = Release|Any CPU
	EndGlobalSection
	GlobalSection(SolutionProperties) = preSolution
		HideSolutionNode = FALSE
	EndGlobalSection
	GlobalSection(ExtensibilityGlobals) = postSolution
		SolutionGuid = {25ABBD70-6F86-4BB5-B54B-2D12853B7D77}
	EndGlobalSection
EndGlobal
