
Microsoft Visual Studio Solution File, Format Version 12.00
# Visual Studio Version 17
VisualStudioVersion = 17.1.32210.238
MinimumVisualStudioVersion = 10.0.40219.1
Project("{9A19103F-16F7-4668-BE54-9A1E7A4F7556}") = "PracticeMVC", "PracticeMVC\PracticeMVC.csproj", "{6441E311-5568-422B-9DA6-C9A06AFA9BFD}"
EndProject
Global
	GlobalSection(SolutionConfigurationPlatforms) = preSolution
		Debug|Any CPU = Debug|Any CPU
		Release|Any CPU = Release|Any CPU
	EndGlobalSection
	GlobalSection(ProjectConfigurationPlatforms) = postSolution
		{6441E311-5568-422B-9DA6-C9A06AFA9BFD}.Debug|Any CPU.ActiveCfg = Debug|Any CPU
		{6441E311-5568-422B-9DA6-C9A06AFA9BFD}.Debug|Any CPU.Build.0 = Debug|Any CPU
		{6441E311-5568-422B-9DA6-C9A06AFA9BFD}.Release|Any CPU.ActiveCfg = Release|Any CPU
		{6441E311-5568-422B-9DA6-C9A06AFA9BFD}.Release|Any CPU.Build.0 = Release|Any CPU
	EndGlobalSection
	GlobalSection(SolutionProperties) = preSolution
		HideSolutionNode = FALSE
	EndGlobalSection
	GlobalSection(ExtensibilityGlobals) = postSolution
		SolutionGuid = {92A0FC6A-9B3D-4C32-BCDE-58C8C37EC336}
	EndGlobalSection
EndGlobal
