
Microsoft Visual Studio Solution File, Format Version 12.00
# Visual Studio Version 17
VisualStudioVersion = 17.7.34018.315
MinimumVisualStudioVersion = 10.0.40219.1
Project("{FAE04EC0-301F-11D3-BF4B-00C04F79EFBC}") = "WebDev.Api", "WebDev.Api\WebDev.Api.csproj", "{ED287D90-33F9-4CAE-A19C-B6139F0D17EA}"
EndProject
Global
	GlobalSection(SolutionConfigurationPlatforms) = preSolution
		Debug|Any CPU = Debug|Any CPU
		Release|Any CPU = Release|Any CPU
	EndGlobalSection
	GlobalSection(ProjectConfigurationPlatforms) = postSolution
		{ED287D90-33F9-4CAE-A19C-B6139F0D17EA}.Debug|Any CPU.ActiveCfg = Debug|Any CPU
		{ED287D90-33F9-4CAE-A19C-B6139F0D17EA}.Debug|Any CPU.Build.0 = Debug|Any CPU
		{ED287D90-33F9-4CAE-A19C-B6139F0D17EA}.Release|Any CPU.ActiveCfg = Release|Any CPU
		{ED287D90-33F9-4CAE-A19C-B6139F0D17EA}.Release|Any CPU.Build.0 = Release|Any CPU
	EndGlobalSection
	GlobalSection(SolutionProperties) = preSolution
		HideSolutionNode = FALSE
	EndGlobalSection
	GlobalSection(ExtensibilityGlobals) = postSolution
		SolutionGuid = {69EBC650-6264-4A6E-A6FE-73A697074E3B}
	EndGlobalSection
EndGlobal
