
Microsoft Visual Studio Solution File, Format Version 12.00
# Visual Studio Version 17
VisualStudioVersion = 17.3.32929.385
MinimumVisualStudioVersion = 10.0.40219.1
Project("{FAE04EC0-301F-11D3-BF4B-00C04F79EFBC}") = "SchoolMVC", "SchoolMVC.csproj", "{C0373FE9-A13A-4508-91D0-645E35252F0F}"
EndProject
Global
	GlobalSection(SolutionConfigurationPlatforms) = preSolution
		Debug|Any CPU = Debug|Any CPU
		Release|Any CPU = Release|Any CPU
	EndGlobalSection
	GlobalSection(ProjectConfigurationPlatforms) = postSolution
		{C0373FE9-A13A-4508-91D0-645E35252F0F}.Debug|Any CPU.ActiveCfg = Debug|Any CPU
		{C0373FE9-A13A-4508-91D0-645E35252F0F}.Debug|Any CPU.Build.0 = Debug|Any CPU
		{C0373FE9-A13A-4508-91D0-645E35252F0F}.Release|Any CPU.ActiveCfg = Release|Any CPU
		{C0373FE9-A13A-4508-91D0-645E35252F0F}.Release|Any CPU.Build.0 = Release|Any CPU
	EndGlobalSection
	GlobalSection(SolutionProperties) = preSolution
		HideSolutionNode = FALSE
	EndGlobalSection
	GlobalSection(ExtensibilityGlobals) = postSolution
		SolutionGuid = {C19B18F3-A82B-4080-A017-3519D3C666F5}
	EndGlobalSection
EndGlobal
