
Microsoft Visual Studio Solution File, Format Version 12.00
# Visual Studio Version 17
VisualStudioVersion = 17.7.34024.191
MinimumVisualStudioVersion = 10.0.40219.1
Project("{FAE04EC0-301F-11D3-BF4B-00C04F79EFBC}") = "WebDev.Api", "WebDev.Api\WebDev.Api.csproj", "{050A2E26-FDDC-47F2-B05B-4CD6A41A6160}"
EndProject
Global
	GlobalSection(SolutionConfigurationPlatforms) = preSolution
		Debug|Any CPU = Debug|Any CPU
		Release|Any CPU = Release|Any CPU
	EndGlobalSection
	GlobalSection(ProjectConfigurationPlatforms) = postSolution
		{050A2E26-FDDC-47F2-B05B-4CD6A41A6160}.Debug|Any CPU.ActiveCfg = Debug|Any CPU
		{050A2E26-FDDC-47F2-B05B-4CD6A41A6160}.Debug|Any CPU.Build.0 = Debug|Any CPU
		{050A2E26-FDDC-47F2-B05B-4CD6A41A6160}.Release|Any CPU.ActiveCfg = Release|Any CPU
		{050A2E26-FDDC-47F2-B05B-4CD6A41A6160}.Release|Any CPU.Build.0 = Release|Any CPU
	EndGlobalSection
	GlobalSection(SolutionProperties) = preSolution
		HideSolutionNode = FALSE
	EndGlobalSection
	GlobalSection(ExtensibilityGlobals) = postSolution
		SolutionGuid = {A720C99A-59BB-4208-AB77-3C26E3ED5E43}
	EndGlobalSection
EndGlobal
