
Microsoft Visual Studio Solution File, Format Version 12.00
# Visual Studio Version 17
VisualStudioVersion = 17.6.33829.357
MinimumVisualStudioVersion = 10.0.40219.1
Project("{FAE04EC0-301F-11D3-BF4B-00C04F79EFBC}") = "StudentsMVC", "StudentsMVC.csproj", "{24C1C721-EC8C-480E-81D4-2D46A976492E}"
EndProject
Global
	GlobalSection(SolutionConfigurationPlatforms) = preSolution
		Debug|Any CPU = Debug|Any CPU
		Release|Any CPU = Release|Any CPU
	EndGlobalSection
	GlobalSection(ProjectConfigurationPlatforms) = postSolution
		{24C1C721-EC8C-480E-81D4-2D46A976492E}.Debug|Any CPU.ActiveCfg = Debug|Any CPU
		{24C1C721-EC8C-480E-81D4-2D46A976492E}.Debug|Any CPU.Build.0 = Debug|Any CPU
		{24C1C721-EC8C-480E-81D4-2D46A976492E}.Release|Any CPU.ActiveCfg = Release|Any CPU
		{24C1C721-EC8C-480E-81D4-2D46A976492E}.Release|Any CPU.Build.0 = Release|Any CPU
	EndGlobalSection
	GlobalSection(SolutionProperties) = preSolution
		HideSolutionNode = FALSE
	EndGlobalSection
	GlobalSection(ExtensibilityGlobals) = postSolution
		SolutionGuid = {5829AFCE-E32F-44C8-B801-8E9EB8CE3A56}
	EndGlobalSection
EndGlobal
