
Microsoft Visual Studio Solution File, Format Version 12.00
# Visual Studio Version 17
VisualStudioVersion = 17.7.34031.279
MinimumVisualStudioVersion = 10.0.40219.1
Project("{FAE04EC0-301F-11D3-BF4B-00C04F79EFBC}") = "webapiprueba", "webapiprueba.csproj", "{C7645C2D-CFCC-4D1E-BA2E-9A53A91E3E97}"
EndProject
Global
	GlobalSection(SolutionConfigurationPlatforms) = preSolution
		Debug|Any CPU = Debug|Any CPU
		Release|Any CPU = Release|Any CPU
	EndGlobalSection
	GlobalSection(ProjectConfigurationPlatforms) = postSolution
		{C7645C2D-CFCC-4D1E-BA2E-9A53A91E3E97}.Debug|Any CPU.ActiveCfg = Debug|Any CPU
		{C7645C2D-CFCC-4D1E-BA2E-9A53A91E3E97}.Debug|Any CPU.Build.0 = Debug|Any CPU
		{C7645C2D-CFCC-4D1E-BA2E-9A53A91E3E97}.Release|Any CPU.ActiveCfg = Release|Any CPU
		{C7645C2D-CFCC-4D1E-BA2E-9A53A91E3E97}.Release|Any CPU.Build.0 = Release|Any CPU
	EndGlobalSection
	GlobalSection(SolutionProperties) = preSolution
		HideSolutionNode = FALSE
	EndGlobalSection
	GlobalSection(ExtensibilityGlobals) = postSolution
		SolutionGuid = {C1B631F1-0449-432A-958D-A257A76182E9}
	EndGlobalSection
EndGlobal
