
Microsoft Visual Studio Solution File, Format Version 12.00
# Visual Studio Version 17
VisualStudioVersion = 17.7.34024.191
MinimumVisualStudioVersion = 10.0.40219.1
Project("{FAE04EC0-301F-11D3-BF4B-00C04F79EFBC}") = "WebDev.Application", "WebDev.Application\WebDev.Application.csproj", "{D6468BF7-348E-48BB-B69F-3FE3B9DCB349}"
EndProject
Global
	GlobalSection(SolutionConfigurationPlatforms) = preSolution
		Debug|Any CPU = Debug|Any CPU
		Release|Any CPU = Release|Any CPU
	EndGlobalSection
	GlobalSection(ProjectConfigurationPlatforms) = postSolution
		{D6468BF7-348E-48BB-B69F-3FE3B9DCB349}.Debug|Any CPU.ActiveCfg = Debug|Any CPU
		{D6468BF7-348E-48BB-B69F-3FE3B9DCB349}.Debug|Any CPU.Build.0 = Debug|Any CPU
		{D6468BF7-348E-48BB-B69F-3FE3B9DCB349}.Release|Any CPU.ActiveCfg = Release|Any CPU
		{D6468BF7-348E-48BB-B69F-3FE3B9DCB349}.Release|Any CPU.Build.0 = Release|Any CPU
	EndGlobalSection
	GlobalSection(SolutionProperties) = preSolution
		HideSolutionNode = FALSE
	EndGlobalSection
	GlobalSection(ExtensibilityGlobals) = postSolution
		SolutionGuid = {AE428B8C-F8E5-42FB-949D-188102637EAE}
	EndGlobalSection
EndGlobal
