
Microsoft Visual Studio Solution File, Format Version 12.00
# Visual Studio Version 17
VisualStudioVersion = 17.7.34031.279
MinimumVisualStudioVersion = 10.0.40219.1
Project("{FAE04EC0-301F-11D3-BF4B-00C04F79EFBC}") = "WebDev.Api", "WebDev.Api.csproj", "{738AF3B7-B2A3-4242-BA30-A6C627D2F992}"
EndProject
Global
	GlobalSection(SolutionConfigurationPlatforms) = preSolution
		Debug|Any CPU = Debug|Any CPU
		Release|Any CPU = Release|Any CPU
	EndGlobalSection
	GlobalSection(ProjectConfigurationPlatforms) = postSolution
		{738AF3B7-B2A3-4242-BA30-A6C627D2F992}.Debug|Any CPU.ActiveCfg = Debug|Any CPU
		{738AF3B7-B2A3-4242-BA30-A6C627D2F992}.Debug|Any CPU.Build.0 = Debug|Any CPU
		{738AF3B7-B2A3-4242-BA30-A6C627D2F992}.Release|Any CPU.ActiveCfg = Release|Any CPU
		{738AF3B7-B2A3-4242-BA30-A6C627D2F992}.Release|Any CPU.Build.0 = Release|Any CPU
	EndGlobalSection
	GlobalSection(SolutionProperties) = preSolution
		HideSolutionNode = FALSE
	EndGlobalSection
	GlobalSection(ExtensibilityGlobals) = postSolution
		SolutionGuid = {09525EDD-7838-41F8-BDF4-FDE87CE89D03}
	EndGlobalSection
EndGlobal
