
Microsoft Visual Studio Solution File, Format Version 12.00
# Visual Studio Version 17
VisualStudioVersion = 17.7.34018.315
MinimumVisualStudioVersion = 10.0.40219.1
Project("{FAE04EC0-301F-11D3-BF4B-00C04F79EFBC}") = "MvcRestAPI", "MvcRestAPI\MvcRestAPI.csproj", "{5EFCB256-7ED5-46EC-B925-5351277BC450}"
EndProject
Global
	GlobalSection(SolutionConfigurationPlatforms) = preSolution
		Debug|Any CPU = Debug|Any CPU
		Release|Any CPU = Release|Any CPU
	EndGlobalSection
	GlobalSection(ProjectConfigurationPlatforms) = postSolution
		{5EFCB256-7ED5-46EC-B925-5351277BC450}.Debug|Any CPU.ActiveCfg = Debug|Any CPU
		{5EFCB256-7ED5-46EC-B925-5351277BC450}.Debug|Any CPU.Build.0 = Debug|Any CPU
		{5EFCB256-7ED5-46EC-B925-5351277BC450}.Release|Any CPU.ActiveCfg = Release|Any CPU
		{5EFCB256-7ED5-46EC-B925-5351277BC450}.Release|Any CPU.Build.0 = Release|Any CPU
	EndGlobalSection
	GlobalSection(SolutionProperties) = preSolution
		HideSolutionNode = FALSE
	EndGlobalSection
	GlobalSection(ExtensibilityGlobals) = postSolution
		SolutionGuid = {B9884660-9213-4925-A1CD-95C670DB2CAB}
	EndGlobalSection
EndGlobal
