
Microsoft Visual Studio Solution File, Format Version 12.00
# Visual Studio Version 17
VisualStudioVersion = 17.7.34018.315
MinimumVisualStudioVersion = 10.0.40219.1
Project("{FAE04EC0-301F-11D3-BF4B-00C04F79EFBC}") = "WebDev.Application", "WebDev.Application\WebDev.Application.csproj", "{30485124-E6EC-47A4-BA2D-3157373553D3}"
EndProject
Project("{FAE04EC0-301F-11D3-BF4B-00C04F79EFBC}") = "WebDev.Services", "WebDev.Services\WebDev.Services.csproj", "{EDF58733-6F39-482D-801A-62ACA0EC3EF2}"
EndProject
Global
	GlobalSection(SolutionConfigurationPlatforms) = preSolution
		Debug|Any CPU = Debug|Any CPU
		Release|Any CPU = Release|Any CPU
	EndGlobalSection
	GlobalSection(ProjectConfigurationPlatforms) = postSolution
		{30485124-E6EC-47A4-BA2D-3157373553D3}.Debug|Any CPU.ActiveCfg = Debug|Any CPU
		{30485124-E6EC-47A4-BA2D-3157373553D3}.Debug|Any CPU.Build.0 = Debug|Any CPU
		{30485124-E6EC-47A4-BA2D-3157373553D3}.Release|Any CPU.ActiveCfg = Release|Any CPU
		{30485124-E6EC-47A4-BA2D-3157373553D3}.Release|Any CPU.Build.0 = Release|Any CPU
		{EDF58733-6F39-482D-801A-62ACA0EC3EF2}.Debug|Any CPU.ActiveCfg = Debug|Any CPU
		{EDF58733-6F39-482D-801A-62ACA0EC3EF2}.Debug|Any CPU.Build.0 = Debug|Any CPU
		{EDF58733-6F39-482D-801A-62ACA0EC3EF2}.Release|Any CPU.ActiveCfg = Release|Any CPU
		{EDF58733-6F39-482D-801A-62ACA0EC3EF2}.Release|Any CPU.Build.0 = Release|Any CPU
	EndGlobalSection
	GlobalSection(SolutionProperties) = preSolution
		HideSolutionNode = FALSE
	EndGlobalSection
	GlobalSection(ExtensibilityGlobals) = postSolution
		SolutionGuid = {8F9BC144-35C9-4E64-94C4-D51C2A7334FF}
	EndGlobalSection
EndGlobal
