
Microsoft Visual Studio Solution File, Format Version 12.00
# Visual Studio Version 17
VisualStudioVersion = 17.7.34031.279
MinimumVisualStudioVersion = 10.0.40219.1
Project("{9A19103F-16F7-4668-BE54-9A1E7A4F7556}") = "WebDev.Application", "WebDev.Application\WebDev.Application.csproj", "{240A797B-5E07-48FA-8595-E3D0CBAE171C}"
EndProject
Project("{FAE04EC0-301F-11D3-BF4B-00C04F79EFBC}") = "WebDev.Services", "WebDev.Services\WebDev.Services.csproj", "{2767B5DF-33F1-4034-9774-2DF98020A844}"
EndProject
Global
	GlobalSection(SolutionConfigurationPlatforms) = preSolution
		Debug|Any CPU = Debug|Any CPU
		Release|Any CPU = Release|Any CPU
	EndGlobalSection
	GlobalSection(ProjectConfigurationPlatforms) = postSolution
		{240A797B-5E07-48FA-8595-E3D0CBAE171C}.Debug|Any CPU.ActiveCfg = Debug|Any CPU
		{240A797B-5E07-48FA-8595-E3D0CBAE171C}.Debug|Any CPU.Build.0 = Debug|Any CPU
		{240A797B-5E07-48FA-8595-E3D0CBAE171C}.Release|Any CPU.ActiveCfg = Release|Any CPU
		{240A797B-5E07-48FA-8595-E3D0CBAE171C}.Release|Any CPU.Build.0 = Release|Any CPU
		{2767B5DF-33F1-4034-9774-2DF98020A844}.Debug|Any CPU.ActiveCfg = Debug|Any CPU
		{2767B5DF-33F1-4034-9774-2DF98020A844}.Debug|Any CPU.Build.0 = Debug|Any CPU
		{2767B5DF-33F1-4034-9774-2DF98020A844}.Release|Any CPU.ActiveCfg = Release|Any CPU
		{2767B5DF-33F1-4034-9774-2DF98020A844}.Release|Any CPU.Build.0 = Release|Any CPU
	EndGlobalSection
	GlobalSection(SolutionProperties) = preSolution
		HideSolutionNode = FALSE
	EndGlobalSection
	GlobalSection(ExtensibilityGlobals) = postSolution
		SolutionGuid = {F30B7121-3C88-4084-8F0B-FA7BAD57A961}
	EndGlobalSection
EndGlobal
