
Microsoft Visual Studio Solution File, Format Version 12.00
# Visual Studio Version 17
VisualStudioVersion = 17.7.34003.232
MinimumVisualStudioVersion = 10.0.40219.1
Project("{FAE04EC0-301F-11D3-BF4B-00C04F79EFBC}") = "AgenteDeportivoApi", "AgenteDeportivoApi\AgenteDeportivoApi.csproj", "{A8842F75-569B-4C85-B2EF-12096C1B10C9}"
EndProject
Global
	GlobalSection(SolutionConfigurationPlatforms) = preSolution
		Debug|Any CPU = Debug|Any CPU
		Release|Any CPU = Release|Any CPU
	EndGlobalSection
	GlobalSection(ProjectConfigurationPlatforms) = postSolution
		{A8842F75-569B-4C85-B2EF-12096C1B10C9}.Debug|Any CPU.ActiveCfg = Debug|Any CPU
		{A8842F75-569B-4C85-B2EF-12096C1B10C9}.Debug|Any CPU.Build.0 = Debug|Any CPU
		{A8842F75-569B-4C85-B2EF-12096C1B10C9}.Release|Any CPU.ActiveCfg = Release|Any CPU
		{A8842F75-569B-4C85-B2EF-12096C1B10C9}.Release|Any CPU.Build.0 = Release|Any CPU
	EndGlobalSection
	GlobalSection(SolutionProperties) = preSolution
		HideSolutionNode = FALSE
	EndGlobalSection
	GlobalSection(ExtensibilityGlobals) = postSolution
		SolutionGuid = {CE6EFFA5-695B-46FB-8700-0F3EAC9F15BD}
	EndGlobalSection
EndGlobal
