
Microsoft Visual Studio Solution File, Format Version 12.00
# Visual Studio Version 17
VisualStudioVersion = 17.0.32014.148
MinimumVisualStudioVersion = 10.0.40219.1
Project("{9A19103F-16F7-4668-BE54-9A1E7A4F7556}") = "CRUDCORE", "CRUDCORE\CRUDCORE.csproj", "{6B38BF7D-F1B6-4D28-AE65-0112739EBB60}"
EndProject
Project("{FAE04EC0-301F-11D3-BF4B-00C04F79EFBC}") = "Utilidad", "Utilidad\Utilidad.csproj", "{213F90D5-920D-489A-962D-B5E30C9A83F5}"
EndProject
Global
	GlobalSection(SolutionConfigurationPlatforms) = preSolution
		Debug|Any CPU = Debug|Any CPU
		Release|Any CPU = Release|Any CPU
	EndGlobalSection
	GlobalSection(ProjectConfigurationPlatforms) = postSolution
		{6B38BF7D-F1B6-4D28-AE65-0112739EBB60}.Debug|Any CPU.ActiveCfg = Debug|Any CPU
		{6B38BF7D-F1B6-4D28-AE65-0112739EBB60}.Debug|Any CPU.Build.0 = Debug|Any CPU
		{6B38BF7D-F1B6-4D28-AE65-0112739EBB60}.Release|Any CPU.ActiveCfg = Release|Any CPU
		{6B38BF7D-F1B6-4D28-AE65-0112739EBB60}.Release|Any CPU.Build.0 = Release|Any CPU
		{213F90D5-920D-489A-962D-B5E30C9A83F5}.Debug|Any CPU.ActiveCfg = Debug|Any CPU
		{213F90D5-920D-489A-962D-B5E30C9A83F5}.Debug|Any CPU.Build.0 = Debug|Any CPU
		{213F90D5-920D-489A-962D-B5E30C9A83F5}.Release|Any CPU.ActiveCfg = Release|Any CPU
		{213F90D5-920D-489A-962D-B5E30C9A83F5}.Release|Any CPU.Build.0 = Release|Any CPU
	EndGlobalSection
	GlobalSection(SolutionProperties) = preSolution
		HideSolutionNode = FALSE
	EndGlobalSection
	GlobalSection(ExtensibilityGlobals) = postSolution
		SolutionGuid = {95614B8C-CE96-4ED9-BC71-7300B4938AEE}
	EndGlobalSection
EndGlobal
