
Microsoft Visual Studio Solution File, Format Version 12.00
# Visual Studio Version 16
VisualStudioVersion = 25.0.1705.2
MinimumVisualStudioVersion = 10.0.40219.1
Project("{FAE04EC0-301F-11D3-BF4B-00C04F79EFBC}") = "LoginDW", "LoginDW.csproj", "{A8CF4357-640D-49D4-AA66-26B7AFD3A6A4}"
EndProject
Global
	GlobalSection(SolutionConfigurationPlatforms) = preSolution
		Debug|Any CPU = Debug|Any CPU
		Release|Any CPU = Release|Any CPU
	EndGlobalSection
	GlobalSection(ProjectConfigurationPlatforms) = postSolution
		{A8CF4357-640D-49D4-AA66-26B7AFD3A6A4}.Debug|Any CPU.ActiveCfg = Debug|Any CPU
		{A8CF4357-640D-49D4-AA66-26B7AFD3A6A4}.Debug|Any CPU.Build.0 = Debug|Any CPU
		{A8CF4357-640D-49D4-AA66-26B7AFD3A6A4}.Release|Any CPU.ActiveCfg = Release|Any CPU
		{A8CF4357-640D-49D4-AA66-26B7AFD3A6A4}.Release|Any CPU.Build.0 = Release|Any CPU
	EndGlobalSection
	GlobalSection(SolutionProperties) = preSolution
		HideSolutionNode = FALSE
	EndGlobalSection
	GlobalSection(ExtensibilityGlobals) = postSolution
		SolutionGuid = {B25458EB-FADE-4FAF-ABEE-10FA54706E46}
	EndGlobalSection
EndGlobal
