
Microsoft Visual Studio Solution File, Format Version 12.00
# Visual Studio Version 17
VisualStudioVersion = 17.6.33829.357
MinimumVisualStudioVersion = 10.0.40219.1
Project("{9A19103F-16F7-4668-BE54-9A1E7A4F7556}") = "WebDev.Application", "WebDev.Application\WebDev.Application.csproj", "{7237296D-7BBE-49F5-B859-CB9F01EF7E72}"
EndProject
Project("{FAE04EC0-301F-11D3-BF4B-00C04F79EFBC}") = "WebDev.Services", "WebDev.Services\WebDev.Services.csproj", "{0E8A0E64-114C-4F85-A9C4-20A95B1BFE85}"
EndProject
Global
	GlobalSection(SolutionConfigurationPlatforms) = preSolution
		Debug|Any CPU = Debug|Any CPU
		Release|Any CPU = Release|Any CPU
	EndGlobalSection
	GlobalSection(ProjectConfigurationPlatforms) = postSolution
		{7237296D-7BBE-49F5-B859-CB9F01EF7E72}.Debug|Any CPU.ActiveCfg = Debug|Any CPU
		{7237296D-7BBE-49F5-B859-CB9F01EF7E72}.Debug|Any CPU.Build.0 = Debug|Any CPU
		{7237296D-7BBE-49F5-B859-CB9F01EF7E72}.Release|Any CPU.ActiveCfg = Release|Any CPU
		{7237296D-7BBE-49F5-B859-CB9F01EF7E72}.Release|Any CPU.Build.0 = Release|Any CPU
		{0E8A0E64-114C-4F85-A9C4-20A95B1BFE85}.Debug|Any CPU.ActiveCfg = Debug|Any CPU
		{0E8A0E64-114C-4F85-A9C4-20A95B1BFE85}.Debug|Any CPU.Build.0 = Debug|Any CPU
		{0E8A0E64-114C-4F85-A9C4-20A95B1BFE85}.Release|Any CPU.ActiveCfg = Release|Any CPU
		{0E8A0E64-114C-4F85-A9C4-20A95B1BFE85}.Release|Any CPU.Build.0 = Release|Any CPU
	EndGlobalSection
	GlobalSection(SolutionProperties) = preSolution
		HideSolutionNode = FALSE
	EndGlobalSection
	GlobalSection(ExtensibilityGlobals) = postSolution
		SolutionGuid = {9FC1C021-70B5-464C-9CF7-9A211251939D}
	EndGlobalSection
EndGlobal
