
Microsoft Visual Studio Solution File, Format Version 12.00
# Visual Studio Version 17
VisualStudioVersion = 17.7.34202.233
MinimumVisualStudioVersion = 10.0.40219.1
Project("{FAE04EC0-301F-11D3-BF4B-00C04F79EFBC}") = "WebDev.Api", "WebDev.Api\WebDev.Api.csproj", "{AF9D424E-3E69-433E-A671-2254F67C55DD}"
EndProject
Global
	GlobalSection(SolutionConfigurationPlatforms) = preSolution
		Debug|Any CPU = Debug|Any CPU
		Release|Any CPU = Release|Any CPU
	EndGlobalSection
	GlobalSection(ProjectConfigurationPlatforms) = postSolution
		{AF9D424E-3E69-433E-A671-2254F67C55DD}.Debug|Any CPU.ActiveCfg = Debug|Any CPU
		{AF9D424E-3E69-433E-A671-2254F67C55DD}.Debug|Any CPU.Build.0 = Debug|Any CPU
		{AF9D424E-3E69-433E-A671-2254F67C55DD}.Release|Any CPU.ActiveCfg = Release|Any CPU
		{AF9D424E-3E69-433E-A671-2254F67C55DD}.Release|Any CPU.Build.0 = Release|Any CPU
	EndGlobalSection
	GlobalSection(SolutionProperties) = preSolution
		HideSolutionNode = FALSE
	EndGlobalSection
	GlobalSection(ExtensibilityGlobals) = postSolution
		SolutionGuid = {759AC466-89F0-4797-BDDD-F3C06C355805}
	EndGlobalSection
EndGlobal
