
Microsoft Visual Studio Solution File, Format Version 12.00
# Visual Studio Version 17
VisualStudioVersion = 17.7.34009.444
MinimumVisualStudioVersion = 10.0.40219.1
Project("{FAE04EC0-301F-11D3-BF4B-00C04F79EFBC}") = "WebApi", "WebApi.csproj", "{F27CB708-7CFD-4D8D-BCDF-1121F00B0F37}"
EndProject
Global
	GlobalSection(SolutionConfigurationPlatforms) = preSolution
		Debug|Any CPU = Debug|Any CPU
		Release|Any CPU = Release|Any CPU
	EndGlobalSection
	GlobalSection(ProjectConfigurationPlatforms) = postSolution
		{F27CB708-7CFD-4D8D-BCDF-1121F00B0F37}.Debug|Any CPU.ActiveCfg = Debug|Any CPU
		{F27CB708-7CFD-4D8D-BCDF-1121F00B0F37}.Debug|Any CPU.Build.0 = Debug|Any CPU
		{F27CB708-7CFD-4D8D-BCDF-1121F00B0F37}.Release|Any CPU.ActiveCfg = Release|Any CPU
		{F27CB708-7CFD-4D8D-BCDF-1121F00B0F37}.Release|Any CPU.Build.0 = Release|Any CPU
	EndGlobalSection
	GlobalSection(SolutionProperties) = preSolution
		HideSolutionNode = FALSE
	EndGlobalSection
	GlobalSection(ExtensibilityGlobals) = postSolution
		SolutionGuid = {A19B5283-8A3F-4D78-9B84-336C5A761A79}
	EndGlobalSection
EndGlobal
