
Microsoft Visual Studio Solution File, Format Version 12.00
# Visual Studio Version 17
VisualStudioVersion = 17.7.34009.444
MinimumVisualStudioVersion = 10.0.40219.1
Project("{FAE04EC0-301F-11D3-BF4B-00C04F79EFBC}") = "InmobiliariaApi", "InmobiliariaApi\InmobiliariaApi.csproj", "{392C8F32-70E9-4A7D-89AD-99F9CE90B719}"
EndProject
Global
	GlobalSection(SolutionConfigurationPlatforms) = preSolution
		Debug|Any CPU = Debug|Any CPU
		Release|Any CPU = Release|Any CPU
	EndGlobalSection
	GlobalSection(ProjectConfigurationPlatforms) = postSolution
		{392C8F32-70E9-4A7D-89AD-99F9CE90B719}.Debug|Any CPU.ActiveCfg = Debug|Any CPU
		{392C8F32-70E9-4A7D-89AD-99F9CE90B719}.Debug|Any CPU.Build.0 = Debug|Any CPU
		{392C8F32-70E9-4A7D-89AD-99F9CE90B719}.Release|Any CPU.ActiveCfg = Release|Any CPU
		{392C8F32-70E9-4A7D-89AD-99F9CE90B719}.Release|Any CPU.Build.0 = Release|Any CPU
	EndGlobalSection
	GlobalSection(SolutionProperties) = preSolution
		HideSolutionNode = FALSE
	EndGlobalSection
	GlobalSection(ExtensibilityGlobals) = postSolution
		SolutionGuid = {6E34DD9D-41F6-4194-81B3-3EFF8C9A0437}
	EndGlobalSection
EndGlobal
