
Microsoft Visual Studio Solution File, Format Version 12.00
# Visual Studio Version 17
VisualStudioVersion = 17.7.34018.315
MinimumVisualStudioVersion = 10.0.40219.1
Project("{FAE04EC0-301F-11D3-BF4B-00C04F79EFBC}") = "Proyecto Web Mateo Medina", "Proyecto Web Mateo Medina\Proyecto Web Mateo Medina.csproj", "{90B96A05-A950-4873-9430-F885662C2BE9}"
EndProject
Global
	GlobalSection(SolutionConfigurationPlatforms) = preSolution
		Debug|Any CPU = Debug|Any CPU
		Release|Any CPU = Release|Any CPU
	EndGlobalSection
	GlobalSection(ProjectConfigurationPlatforms) = postSolution
		{90B96A05-A950-4873-9430-F885662C2BE9}.Debug|Any CPU.ActiveCfg = Debug|Any CPU
		{90B96A05-A950-4873-9430-F885662C2BE9}.Debug|Any CPU.Build.0 = Debug|Any CPU
		{90B96A05-A950-4873-9430-F885662C2BE9}.Release|Any CPU.ActiveCfg = Release|Any CPU
		{90B96A05-A950-4873-9430-F885662C2BE9}.Release|Any CPU.Build.0 = Release|Any CPU
	EndGlobalSection
	GlobalSection(SolutionProperties) = preSolution
		HideSolutionNode = FALSE
	EndGlobalSection
	GlobalSection(ExtensibilityGlobals) = postSolution
		SolutionGuid = {5B8221F4-72B9-4C14-A6CE-16AAB98E0FA3}
	EndGlobalSection
EndGlobal
